
Microsoft Visual Studio Solution File, Format Version 12.00
# Visual Studio 15
VisualStudioVersion = 15.0.27703.2035
MinimumVisualStudioVersion = 10.0.40219.1
Project("{FAE04EC0-301F-11D3-BF4B-00C04F79EFBC}") = "rvtUnit", "rvtUnit\rvtUnit.csproj", "{57F89DD4-FB6A-44C2-BB8E-EEE35896F70A}"
EndProject
Project("{FAE04EC0-301F-11D3-BF4B-00C04F79EFBC}") = "SampleTool", "SampleTool\SampleTool.csproj", "{8E1F6CE1-CBE7-4CCE-B1AF-9E1E4032F07E}"
EndProject
Project("{FAE04EC0-301F-11D3-BF4B-00C04F79EFBC}") = "Helpers", "Helpers\Helpers.csproj", "{440DE7E1-458E-4F4F-8726-5111910A100D}"
EndProject
Global
	GlobalSection(SolutionConfigurationPlatforms) = preSolution
		Debug|Any CPU = Debug|Any CPU
		Release|Any CPU = Release|Any CPU
	EndGlobalSection
	GlobalSection(ProjectConfigurationPlatforms) = postSolution
		{57F89DD4-FB6A-44C2-BB8E-EEE35896F70A}.Debug|Any CPU.ActiveCfg = Debug|Any CPU
		{57F89DD4-FB6A-44C2-BB8E-EEE35896F70A}.Debug|Any CPU.Build.0 = Debug|Any CPU
		{57F89DD4-FB6A-44C2-BB8E-EEE35896F70A}.Release|Any CPU.ActiveCfg = Release|Any CPU
		{57F89DD4-FB6A-44C2-BB8E-EEE35896F70A}.Release|Any CPU.Build.0 = Release|Any CPU
		{8E1F6CE1-CBE7-4CCE-B1AF-9E1E4032F07E}.Debug|Any CPU.ActiveCfg = Debug|Any CPU
		{8E1F6CE1-CBE7-4CCE-B1AF-9E1E4032F07E}.Debug|Any CPU.Build.0 = Debug|Any CPU
		{8E1F6CE1-CBE7-4CCE-B1AF-9E1E4032F07E}.Release|Any CPU.ActiveCfg = Release|Any CPU
		{8E1F6CE1-CBE7-4CCE-B1AF-9E1E4032F07E}.Release|Any CPU.Build.0 = Release|Any CPU
		{440DE7E1-458E-4F4F-8726-5111910A100D}.Debug|Any CPU.ActiveCfg = Debug|Any CPU
		{440DE7E1-458E-4F4F-8726-5111910A100D}.Debug|Any CPU.Build.0 = Debug|Any CPU
		{440DE7E1-458E-4F4F-8726-5111910A100D}.Release|Any CPU.ActiveCfg = Release|Any CPU
		{440DE7E1-458E-4F4F-8726-5111910A100D}.Release|Any CPU.Build.0 = Release|Any CPU
	EndGlobalSection
	GlobalSection(SolutionProperties) = preSolution
		HideSolutionNode = FALSE
	EndGlobalSection
	GlobalSection(ExtensibilityGlobals) = postSolution
		SolutionGuid = {70611D74-89A3-46E4-8B6F-F6C02C75B1DA}
	EndGlobalSection
EndGlobal
