
Microsoft Visual Studio Solution File, Format Version 12.00
# Visual Studio 15
VisualStudioVersion = 15.0.27703.2026
MinimumVisualStudioVersion = 10.0.40219.1
Project("{FAE04EC0-301F-11D3-BF4B-00C04F79EFBC}") = "RevitDKTools", "RevitDKTools\RevitDKTools.csproj", "{2129C1A4-5FBE-42FD-966E-7E2BD60E55BD}"
EndProject
Project("{2150E333-8FDC-42A3-9474-1A3956D46DE8}") = "Solution Items", "Solution Items", "{1B5C8C5C-8517-4AC1-A8B9-B9C824B44955}"
	ProjectSection(SolutionItems) = preProject
		DKTools_v2.addin = DKTools_v2.addin
	EndProjectSection
EndProject
Global
	GlobalSection(SolutionConfigurationPlatforms) = preSolution
		Debug|Any CPU = Debug|Any CPU
		Debug2016|Any CPU = Debug2016|Any CPU
		Debug2017|Any CPU = Debug2017|Any CPU
		Debug2018|Any CPU = Debug2018|Any CPU
		Debug2019|Any CPU = Debug2019|Any CPU
		R16_Release|Any CPU = R16_Release|Any CPU
		R17_Release|Any CPU = R17_Release|Any CPU
		R18_Release|Any CPU = R18_Release|Any CPU
		R19_Release|Any CPU = R19_Release|Any CPU
		Release|Any CPU = Release|Any CPU
	EndGlobalSection
	GlobalSection(ProjectConfigurationPlatforms) = postSolution
		{2129C1A4-5FBE-42FD-966E-7E2BD60E55BD}.Debug|Any CPU.ActiveCfg = Debug|Any CPU
		{2129C1A4-5FBE-42FD-966E-7E2BD60E55BD}.Debug|Any CPU.Build.0 = Debug|Any CPU
		{2129C1A4-5FBE-42FD-966E-7E2BD60E55BD}.Debug2016|Any CPU.ActiveCfg = Debug2016|Any CPU
		{2129C1A4-5FBE-42FD-966E-7E2BD60E55BD}.Debug2016|Any CPU.Build.0 = Debug2016|Any CPU
		{2129C1A4-5FBE-42FD-966E-7E2BD60E55BD}.Debug2017|Any CPU.ActiveCfg = Debug2017|Any CPU
		{2129C1A4-5FBE-42FD-966E-7E2BD60E55BD}.Debug2017|Any CPU.Build.0 = Debug2017|Any CPU
		{2129C1A4-5FBE-42FD-966E-7E2BD60E55BD}.Debug2018|Any CPU.ActiveCfg = Debug2018|Any CPU
		{2129C1A4-5FBE-42FD-966E-7E2BD60E55BD}.Debug2018|Any CPU.Build.0 = Debug2018|Any CPU
		{2129C1A4-5FBE-42FD-966E-7E2BD60E55BD}.Debug2019|Any CPU.ActiveCfg = Debug2019|Any CPU
		{2129C1A4-5FBE-42FD-966E-7E2BD60E55BD}.Debug2019|Any CPU.Build.0 = Debug2019|Any CPU
		{2129C1A4-5FBE-42FD-966E-7E2BD60E55BD}.R16_Release|Any CPU.ActiveCfg = R16_Release|Any CPU
		{2129C1A4-5FBE-42FD-966E-7E2BD60E55BD}.R16_Release|Any CPU.Build.0 = R16_Release|Any CPU
		{2129C1A4-5FBE-42FD-966E-7E2BD60E55BD}.R17_Release|Any CPU.ActiveCfg = R17_Release|Any CPU
		{2129C1A4-5FBE-42FD-966E-7E2BD60E55BD}.R17_Release|Any CPU.Build.0 = R17_Release|Any CPU
		{2129C1A4-5FBE-42FD-966E-7E2BD60E55BD}.R18_Release|Any CPU.ActiveCfg = R18_Release|Any CPU
		{2129C1A4-5FBE-42FD-966E-7E2BD60E55BD}.R18_Release|Any CPU.Build.0 = R18_Release|Any CPU
		{2129C1A4-5FBE-42FD-966E-7E2BD60E55BD}.R19_Release|Any CPU.ActiveCfg = R19_Release|Any CPU
		{2129C1A4-5FBE-42FD-966E-7E2BD60E55BD}.R19_Release|Any CPU.Build.0 = R19_Release|Any CPU
		{2129C1A4-5FBE-42FD-966E-7E2BD60E55BD}.Release|Any CPU.ActiveCfg = Release|Any CPU
		{2129C1A4-5FBE-42FD-966E-7E2BD60E55BD}.Release|Any CPU.Build.0 = Release|Any CPU
	EndGlobalSection
	GlobalSection(SolutionProperties) = preSolution
		HideSolutionNode = FALSE
	EndGlobalSection
	GlobalSection(ExtensibilityGlobals) = postSolution
		SolutionGuid = {61312A8F-E301-4DFE-88E8-8DDA57B38277}
	EndGlobalSection
EndGlobal
